
Microsoft Visual Studio Solution File, Format Version 12.00
# Visual Studio 15
VisualStudioVersion = 15.0.27703.2035
MinimumVisualStudioVersion = 10.0.40219.1
Project("{F184B08F-C81C-45F6-A57F-5ABD9991F28F}") = "Screen Lock Vocabulary", "Screen Lock Vocabulary\Screen Lock Vocabulary.vbproj", "{15CEDCB6-CF84-408B-8F3B-E4B20426CA64}"
EndProject
Global
	GlobalSection(SolutionConfigurationPlatforms) = preSolution
		Debug|Any CPU = Debug|Any CPU
		Release|Any CPU = Release|Any CPU
	EndGlobalSection
	GlobalSection(ProjectConfigurationPlatforms) = postSolution
		{15CEDCB6-CF84-408B-8F3B-E4B20426CA64}.Debug|Any CPU.ActiveCfg = Debug|Any CPU
		{15CEDCB6-CF84-408B-8F3B-E4B20426CA64}.Debug|Any CPU.Build.0 = Debug|Any CPU
		{15CEDCB6-CF84-408B-8F3B-E4B20426CA64}.Release|Any CPU.ActiveCfg = Release|Any CPU
		{15CEDCB6-CF84-408B-8F3B-E4B20426CA64}.Release|Any CPU.Build.0 = Release|Any CPU
	EndGlobalSection
	GlobalSection(SolutionProperties) = preSolution
		HideSolutionNode = FALSE
	EndGlobalSection
	GlobalSection(ExtensibilityGlobals) = postSolution
		SolutionGuid = {FCC8FDB5-3D1D-4ABF-B7D8-0F0C93D0E37F}
	EndGlobalSection
EndGlobal
